
Microsoft Visual Studio Solution File, Format Version 12.00
# Visual Studio 15
VisualStudioVersion = 15.0.26730.15
MinimumVisualStudioVersion = 10.0.40219.1
Project("{FAE04EC0-301F-11D3-BF4B-00C04F79EFBC}") = "LaboratoryWork2", "LaboratoryWork2\LaboratoryWork2.csproj", "{8EC1ABF8-E9F2-4F52-9140-6BCB73148737}"
EndProject
Global
	GlobalSection(SolutionConfigurationPlatforms) = preSolution
		Debug|Any CPU = Debug|Any CPU
		Release|Any CPU = Release|Any CPU
	EndGlobalSection
	GlobalSection(ProjectConfigurationPlatforms) = postSolution
		{8EC1ABF8-E9F2-4F52-9140-6BCB73148737}.Debug|Any CPU.ActiveCfg = Debug|Any CPU
		{8EC1ABF8-E9F2-4F52-9140-6BCB73148737}.Debug|Any CPU.Build.0 = Debug|Any CPU
		{8EC1ABF8-E9F2-4F52-9140-6BCB73148737}.Release|Any CPU.ActiveCfg = Release|Any CPU
		{8EC1ABF8-E9F2-4F52-9140-6BCB73148737}.Release|Any CPU.Build.0 = Release|Any CPU
	EndGlobalSection
	GlobalSection(SolutionProperties) = preSolution
		HideSolutionNode = FALSE
	EndGlobalSection
	GlobalSection(ExtensibilityGlobals) = postSolution
		SolutionGuid = {70B426D7-6A60-48D9-B8CF-1473285434FC}
	EndGlobalSection
EndGlobal
